
Microsoft Visual Studio Solution File, Format Version 12.00
# Visual Studio Version 17
VisualStudioVersion = 17.11.35303.130
MinimumVisualStudioVersion = 10.0.40219.1
Project("{FAE04EC0-301F-11D3-BF4B-00C04F79EFBC}") = "Notes.Android", "Notes.Android\Notes.Android.csproj", "{9A1CD6B1-F911-43C1-92D9-F90A5DA7E0E6}"
EndProject
Project("{FAE04EC0-301F-11D3-BF4B-00C04F79EFBC}") = "Notes.iOS", "Notes.iOS\Notes.iOS.csproj", "{421B12A1-B3BF-4608-BA21-7CFCED241F36}"
EndProject
Project("{FAE04EC0-301F-11D3-BF4B-00C04F79EFBC}") = "Notes", "Notes\Notes.csproj", "{8548018A-836E-4F5A-9C66-23A66540E0B1}"
EndProject
Global
	GlobalSection(SolutionConfigurationPlatforms) = preSolution
		Debug|Any CPU = Debug|Any CPU
		Debug|iPhone = Debug|iPhone
		Debug|iPhoneSimulator = Debug|iPhoneSimulator
		Release|Any CPU = Release|Any CPU
		Release|iPhone = Release|iPhone
		Release|iPhoneSimulator = Release|iPhoneSimulator
	EndGlobalSection
	GlobalSection(ProjectConfigurationPlatforms) = postSolution
		{9A1CD6B1-F911-43C1-92D9-F90A5DA7E0E6}.Debug|Any CPU.ActiveCfg = Debug|Any CPU
		{9A1CD6B1-F911-43C1-92D9-F90A5DA7E0E6}.Debug|Any CPU.Build.0 = Debug|Any CPU
		{9A1CD6B1-F911-43C1-92D9-F90A5DA7E0E6}.Debug|Any CPU.Deploy.0 = Debug|Any CPU
		{9A1CD6B1-F911-43C1-92D9-F90A5DA7E0E6}.Debug|iPhone.ActiveCfg = Debug|Any CPU
		{9A1CD6B1-F911-43C1-92D9-F90A5DA7E0E6}.Debug|iPhone.Build.0 = Debug|Any CPU
		{9A1CD6B1-F911-43C1-92D9-F90A5DA7E0E6}.Debug|iPhone.Deploy.0 = Debug|Any CPU
		{9A1CD6B1-F911-43C1-92D9-F90A5DA7E0E6}.Debug|iPhoneSimulator.ActiveCfg = Debug|Any CPU
		{9A1CD6B1-F911-43C1-92D9-F90A5DA7E0E6}.Debug|iPhoneSimulator.Build.0 = Debug|Any CPU
		{9A1CD6B1-F911-43C1-92D9-F90A5DA7E0E6}.Debug|iPhoneSimulator.Deploy.0 = Debug|Any CPU
		{9A1CD6B1-F911-43C1-92D9-F90A5DA7E0E6}.Release|Any CPU.ActiveCfg = Release|Any CPU
		{9A1CD6B1-F911-43C1-92D9-F90A5DA7E0E6}.Release|Any CPU.Build.0 = Release|Any CPU
		{9A1CD6B1-F911-43C1-92D9-F90A5DA7E0E6}.Release|Any CPU.Deploy.0 = Release|Any CPU
		{9A1CD6B1-F911-43C1-92D9-F90A5DA7E0E6}.Release|iPhone.ActiveCfg = Release|Any CPU
		{9A1CD6B1-F911-43C1-92D9-F90A5DA7E0E6}.Release|iPhone.Build.0 = Release|Any CPU
		{9A1CD6B1-F911-43C1-92D9-F90A5DA7E0E6}.Release|iPhone.Deploy.0 = Release|Any CPU
		{9A1CD6B1-F911-43C1-92D9-F90A5DA7E0E6}.Release|iPhoneSimulator.ActiveCfg = Release|Any CPU
		{9A1CD6B1-F911-43C1-92D9-F90A5DA7E0E6}.Release|iPhoneSimulator.Build.0 = Release|Any CPU
		{9A1CD6B1-F911-43C1-92D9-F90A5DA7E0E6}.Release|iPhoneSimulator.Deploy.0 = Release|Any CPU
		{421B12A1-B3BF-4608-BA21-7CFCED241F36}.Debug|Any CPU.ActiveCfg = Debug|iPhone
		{421B12A1-B3BF-4608-BA21-7CFCED241F36}.Debug|Any CPU.Build.0 = Debug|iPhone
		{421B12A1-B3BF-4608-BA21-7CFCED241F36}.Debug|Any CPU.Deploy.0 = Debug|iPhone
		{421B12A1-B3BF-4608-BA21-7CFCED241F36}.Debug|iPhone.ActiveCfg = Debug|iPhone
		{421B12A1-B3BF-4608-BA21-7CFCED241F36}.Debug|iPhone.Build.0 = Debug|iPhone
		{421B12A1-B3BF-4608-BA21-7CFCED241F36}.Debug|iPhone.Deploy.0 = Debug|iPhone
		{421B12A1-B3BF-4608-BA21-7CFCED241F36}.Debug|iPhoneSimulator.ActiveCfg = Debug|iPhoneSimulator
		{421B12A1-B3BF-4608-BA21-7CFCED241F36}.Debug|iPhoneSimulator.Build.0 = Debug|iPhoneSimulator
		{421B12A1-B3BF-4608-BA21-7CFCED241F36}.Debug|iPhoneSimulator.Deploy.0 = Debug|iPhoneSimulator
		{421B12A1-B3BF-4608-BA21-7CFCED241F36}.Release|Any CPU.ActiveCfg = Release|iPhoneSimulator
		{421B12A1-B3BF-4608-BA21-7CFCED241F36}.Release|Any CPU.Build.0 = Release|iPhoneSimulator
		{421B12A1-B3BF-4608-BA21-7CFCED241F36}.Release|Any CPU.Deploy.0 = Release|iPhoneSimulator
		{421B12A1-B3BF-4608-BA21-7CFCED241F36}.Release|iPhone.ActiveCfg = Release|iPhone
		{421B12A1-B3BF-4608-BA21-7CFCED241F36}.Release|iPhone.Build.0 = Release|iPhone
		{421B12A1-B3BF-4608-BA21-7CFCED241F36}.Release|iPhone.Deploy.0 = Release|iPhone
		{421B12A1-B3BF-4608-BA21-7CFCED241F36}.Release|iPhoneSimulator.ActiveCfg = Release|iPhoneSimulator
		{421B12A1-B3BF-4608-BA21-7CFCED241F36}.Release|iPhoneSimulator.Build.0 = Release|iPhoneSimulator
		{421B12A1-B3BF-4608-BA21-7CFCED241F36}.Release|iPhoneSimulator.Deploy.0 = Release|iPhoneSimulator
		{8548018A-836E-4F5A-9C66-23A66540E0B1}.Debug|Any CPU.ActiveCfg = Debug|Any CPU
		{8548018A-836E-4F5A-9C66-23A66540E0B1}.Debug|Any CPU.Build.0 = Debug|Any CPU
		{8548018A-836E-4F5A-9C66-23A66540E0B1}.Debug|Any CPU.Deploy.0 = Debug|Any CPU
		{8548018A-836E-4F5A-9C66-23A66540E0B1}.Debug|iPhone.ActiveCfg = Debug|Any CPU
		{8548018A-836E-4F5A-9C66-23A66540E0B1}.Debug|iPhone.Build.0 = Debug|Any CPU
		{8548018A-836E-4F5A-9C66-23A66540E0B1}.Debug|iPhone.Deploy.0 = Debug|Any CPU
		{8548018A-836E-4F5A-9C66-23A66540E0B1}.Debug|iPhoneSimulator.ActiveCfg = Debug|Any CPU
		{8548018A-836E-4F5A-9C66-23A66540E0B1}.Debug|iPhoneSimulator.Build.0 = Debug|Any CPU
		{8548018A-836E-4F5A-9C66-23A66540E0B1}.Debug|iPhoneSimulator.Deploy.0 = Debug|Any CPU
		{8548018A-836E-4F5A-9C66-23A66540E0B1}.Release|Any CPU.ActiveCfg = Release|Any CPU
		{8548018A-836E-4F5A-9C66-23A66540E0B1}.Release|Any CPU.Build.0 = Release|Any CPU
		{8548018A-836E-4F5A-9C66-23A66540E0B1}.Release|Any CPU.Deploy.0 = Release|Any CPU
		{8548018A-836E-4F5A-9C66-23A66540E0B1}.Release|iPhone.ActiveCfg = Release|Any CPU
		{8548018A-836E-4F5A-9C66-23A66540E0B1}.Release|iPhone.Build.0 = Release|Any CPU
		{8548018A-836E-4F5A-9C66-23A66540E0B1}.Release|iPhone.Deploy.0 = Release|Any CPU
		{8548018A-836E-4F5A-9C66-23A66540E0B1}.Release|iPhoneSimulator.ActiveCfg = Release|Any CPU
		{8548018A-836E-4F5A-9C66-23A66540E0B1}.Release|iPhoneSimulator.Build.0 = Release|Any CPU
		{8548018A-836E-4F5A-9C66-23A66540E0B1}.Release|iPhoneSimulator.Deploy.0 = Release|Any CPU
	EndGlobalSection
	GlobalSection(SolutionProperties) = preSolution
		HideSolutionNode = FALSE
	EndGlobalSection
	GlobalSection(ExtensibilityGlobals) = postSolution
		SolutionGuid = {59EC65B7-69EC-47E1-866D-AC657C230BBF}
	EndGlobalSection
EndGlobal
